{
    "_readme": [
        "This file locks the dependencies of your project to a known state",
        "Read more about it at https://getcomposer.org/doc/01-basic-usage.md#installing-dependencies",
        "This file is @generated automatically"
    ],
    "content-hash": "bf71200d980a3d6bbe47ee988e1cce74",
    "packages": [
        {
            "name": "evenement/evenement",
            "version": "v3.0.1",
            "source": {
                "type": "git",
                "url": "https://github.com/igorw/evenement.git",
                "reference": "531bfb9d15f8aa57454f5f0285b18bec903b8fb7"
            },
            "dist": {
                "type": "zip",
                "url": "https://api.github.com/repos/igorw/evenement/zipball/531bfb9d15f8aa57454f5f0285b18bec903b8fb7",
                "reference": "531bfb9d15f8aa57454f5f0285b18bec903b8fb7",
                "shasum": "",
                "mirrors": [
                    {
                        "url": "https://mirrors.aliyun.com/composer/dists/%package%/%reference%.%type%",
                        "preferred": true
                    }
                ]
            },
            "require": {
                "php": ">=7.0"
            },
            "require-dev": {
                "phpunit/phpunit": "^6.0"
            },
            "type": "library",
            "autoload": {
                "psr-0": {
                    "Evenement": "src"
                }
            },
            "notification-url": "https://packagist.org/downloads/",
            "license": [
                "MIT"
            ],
            "authors": [
                {
                    "name": "Igor Wiedler",
                    "email": "igor@wiedler.ch"
                }
            ],
            "description": "Événement is a very simple event dispatching library for PHP",
            "keywords": [
                "event-dispatcher",
                "event-emitter"
            ],
            "support": {
                "issues": "https://github.com/igorw/evenement/issues",
                "source": "https://github.com/igorw/evenement/tree/master"
            },
            "time": "2017-07-23T21:35:13+00:00"
        },
        {
            "name": "fig/http-message-util",
            "version": "dev-master",
            "source": {
                "type": "git",
                "url": "https://github.com/php-fig/http-message-util.git",
                "reference": "9d94dc0154230ac39e5bf89398b324a86f63f765"
            },
            "dist": {
                "type": "zip",
                "url": "https://api.github.com/repos/php-fig/http-message-util/zipball/9d94dc0154230ac39e5bf89398b324a86f63f765",
                "reference": "9d94dc0154230ac39e5bf89398b324a86f63f765",
                "shasum": "",
                "mirrors": [
                    {
                        "url": "https://mirrors.aliyun.com/composer/dists/%package%/%reference%.%type%",
                        "preferred": true
                    }
                ]
            },
            "require": {
                "php": "^5.3 || ^7.0 || ^8.0"
            },
            "suggest": {
                "psr/http-message": "The package containing the PSR-7 interfaces"
            },
            "default-branch": true,
            "type": "library",
            "extra": {
                "branch-alias": {
                    "dev-master": "1.1.x-dev"
                }
            },
            "autoload": {
                "psr-4": {
                    "Fig\\Http\\Message\\": "src/"
                }
            },
            "notification-url": "https://packagist.org/downloads/",
            "license": [
                "MIT"
            ],
            "authors": [
                {
                    "name": "PHP-FIG",
                    "homepage": "https://www.php-fig.org/"
                }
            ],
            "description": "Utility classes and constants for use with PSR-7 (psr/http-message)",
            "keywords": [
                "http",
                "http-message",
                "psr",
                "psr-7",
                "request",
                "response"
            ],
            "support": {
                "issues": "https://github.com/php-fig/http-message-util/issues",
                "source": "https://github.com/php-fig/http-message-util/tree/1.1.5"
            },
            "time": "2020-11-24T22:02:12+00:00"
        },
        {
            "name": "psr/http-message",
            "version": "1.1",
            "source": {
                "type": "git",
                "url": "https://github.com/php-fig/http-message.git",
                "reference": "cb6ce4845ce34a8ad9e68117c10ee90a29919eba"
            },
            "dist": {
                "type": "zip",
                "url": "https://api.github.com/repos/php-fig/http-message/zipball/cb6ce4845ce34a8ad9e68117c10ee90a29919eba",
                "reference": "cb6ce4845ce34a8ad9e68117c10ee90a29919eba",
                "shasum": "",
                "mirrors": [
                    {
                        "url": "https://mirrors.aliyun.com/composer/dists/%package%/%reference%.%type%",
                        "preferred": true
                    }
                ]
            },
            "require": {
                "php": "^7.2 || ^8.0"
            },
            "type": "library",
            "extra": {
                "branch-alias": {
                    "dev-master": "1.1.x-dev"
                }
            },
            "autoload": {
                "psr-4": {
                    "Psr\\Http\\Message\\": "src/"
                }
            },
            "notification-url": "https://packagist.org/downloads/",
            "license": [
                "MIT"
            ],
            "authors": [
                {
                    "name": "PHP-FIG",
                    "homepage": "http://www.php-fig.org/"
                }
            ],
            "description": "Common interface for HTTP messages",
            "homepage": "https://github.com/php-fig/http-message",
            "keywords": [
                "http",
                "http-message",
                "psr",
                "psr-7",
                "request",
                "response"
            ],
            "support": {
                "source": "https://github.com/php-fig/http-message/tree/1.1"
            },
            "time": "2023-04-04T09:50:52+00:00"
        },
        {
            "name": "react/async",
            "version": "4.x-dev",
            "source": {
                "type": "git",
                "url": "https://github.com/reactphp/async.git",
                "reference": "307684c9584b3da4b0756f24ec393f5683da4c98"
            },
            "dist": {
                "type": "zip",
                "url": "https://api.github.com/repos/reactphp/async/zipball/307684c9584b3da4b0756f24ec393f5683da4c98",
                "reference": "307684c9584b3da4b0756f24ec393f5683da4c98",
                "shasum": "",
                "mirrors": [
                    {
                        "url": "https://mirrors.aliyun.com/composer/dists/%package%/%reference%.%type%",
                        "preferred": true
                    }
                ]
            },
            "require": {
                "php": ">=8.1",
                "react/event-loop": "^1.2",
                "react/promise": "^3.0 || ^2.8 || ^1.2.1"
            },
            "require-dev": {
                "phpstan/phpstan": "1.10.18",
                "phpunit/phpunit": "^9.5"
            },
            "default-branch": true,
            "type": "library",
            "autoload": {
                "files": [
                    "src/functions_include.php"
                ],
                "psr-4": {
                    "React\\Async\\": "src/"
                }
            },
            "notification-url": "https://packagist.org/downloads/",
            "license": [
                "MIT"
            ],
            "authors": [
                {
                    "name": "Christian Lück",
                    "email": "christian@clue.engineering",
                    "homepage": "https://clue.engineering/"
                },
                {
                    "name": "Cees-Jan Kiewiet",
                    "email": "reactphp@ceesjankiewiet.nl",
                    "homepage": "https://wyrihaximus.net/"
                },
                {
                    "name": "Jan Sorgalla",
                    "email": "jsorgalla@gmail.com",
                    "homepage": "https://sorgalla.com/"
                },
                {
                    "name": "Chris Boden",
                    "email": "cboden@gmail.com",
                    "homepage": "https://cboden.dev/"
                }
            ],
            "description": "Async utilities and fibers for ReactPHP",
            "keywords": [
                "async",
                "reactphp"
            ],
            "support": {
                "issues": "https://github.com/reactphp/async/issues",
                "source": "https://github.com/reactphp/async/tree/4.x"
            },
            "funding": [
                {
                    "url": "https://opencollective.com/reactphp",
                    "type": "open_collective"
                }
            ],
            "time": "2023-07-07T11:58:59+00:00"
        },
        {
            "name": "react/cache",
            "version": "1.x-dev",
            "source": {
                "type": "git",
                "url": "https://github.com/reactphp/cache.git",
                "reference": "d47c472b64aa5608225f47965a484b75c7817d5b"
            },
            "dist": {
                "type": "zip",
                "url": "https://api.github.com/repos/reactphp/cache/zipball/d47c472b64aa5608225f47965a484b75c7817d5b",
                "reference": "d47c472b64aa5608225f47965a484b75c7817d5b",
                "shasum": "",
                "mirrors": [
                    {
                        "url": "https://mirrors.aliyun.com/composer/dists/%package%/%reference%.%type%",
                        "preferred": true
                    }
                ]
            },
            "require": {
                "php": ">=5.3.0",
                "react/promise": "^3.0 || ^2.0 || ^1.1"
            },
            "require-dev": {
                "phpunit/phpunit": "^9.5 || ^5.7 || ^4.8.35"
            },
            "default-branch": true,
            "type": "library",
            "autoload": {
                "psr-4": {
                    "React\\Cache\\": "src/"
                }
            },
            "notification-url": "https://packagist.org/downloads/",
            "license": [
                "MIT"
            ],
            "authors": [
                {
                    "name": "Christian Lück",
                    "email": "christian@clue.engineering",
                    "homepage": "https://clue.engineering/"
                },
                {
                    "name": "Cees-Jan Kiewiet",
                    "email": "reactphp@ceesjankiewiet.nl",
                    "homepage": "https://wyrihaximus.net/"
                },
                {
                    "name": "Jan Sorgalla",
                    "email": "jsorgalla@gmail.com",
                    "homepage": "https://sorgalla.com/"
                },
                {
                    "name": "Chris Boden",
                    "email": "cboden@gmail.com",
                    "homepage": "https://cboden.dev/"
                }
            ],
            "description": "Async, Promise-based cache interface for ReactPHP",
            "keywords": [
                "cache",
                "caching",
                "promise",
                "reactphp"
            ],
            "support": {
                "issues": "https://github.com/reactphp/cache/issues",
                "source": "https://github.com/reactphp/cache/tree/v1.2.0"
            },
            "funding": [
                {
                    "url": "https://opencollective.com/reactphp",
                    "type": "open_collective"
                }
            ],
            "time": "2022-11-30T15:59:55+00:00"
        },
        {
            "name": "react/dns",
            "version": "1.x-dev",
            "source": {
                "type": "git",
                "url": "https://github.com/reactphp/dns.git",
                "reference": "60705290ac34d110fd15eb29c293e6d31c642265"
            },
            "dist": {
                "type": "zip",
                "url": "https://api.github.com/repos/reactphp/dns/zipball/60705290ac34d110fd15eb29c293e6d31c642265",
                "reference": "60705290ac34d110fd15eb29c293e6d31c642265",
                "shasum": "",
                "mirrors": [
                    {
                        "url": "https://mirrors.aliyun.com/composer/dists/%package%/%reference%.%type%",
                        "preferred": true
                    }
                ]
            },
            "require": {
                "php": ">=5.3.0",
                "react/cache": "^1.0 || ^0.6 || ^0.5",
                "react/event-loop": "^1.2",
                "react/promise": "^3.0 || ^2.7 || ^1.2.1"
            },
            "require-dev": {
                "phpunit/phpunit": "^9.5 || ^5.7 || ^4.8.35",
                "react/async": "^4 || ^3 || ^2",
                "react/promise-timer": "^1.9"
            },
            "default-branch": true,
            "type": "library",
            "autoload": {
                "psr-4": {
                    "React\\Dns\\": "src/"
                }
            },
            "notification-url": "https://packagist.org/downloads/",
            "license": [
                "MIT"
            ],
            "authors": [
                {
                    "name": "Christian Lück",
                    "email": "christian@clue.engineering",
                    "homepage": "https://clue.engineering/"
                },
                {
                    "name": "Cees-Jan Kiewiet",
                    "email": "reactphp@ceesjankiewiet.nl",
                    "homepage": "https://wyrihaximus.net/"
                },
                {
                    "name": "Jan Sorgalla",
                    "email": "jsorgalla@gmail.com",
                    "homepage": "https://sorgalla.com/"
                },
                {
                    "name": "Chris Boden",
                    "email": "cboden@gmail.com",
                    "homepage": "https://cboden.dev/"
                }
            ],
            "description": "Async DNS resolver for ReactPHP",
            "keywords": [
                "async",
                "dns",
                "dns-resolver",
                "reactphp"
            ],
            "support": {
                "issues": "https://github.com/reactphp/dns/issues",
                "source": "https://github.com/reactphp/dns/tree/1.x"
            },
            "funding": [
                {
                    "url": "https://opencollective.com/reactphp",
                    "type": "open_collective"
                }
            ],
            "time": "2023-07-07T12:00:38+00:00"
        },
        {
            "name": "react/event-loop",
            "version": "1.x-dev",
            "source": {
                "type": "git",
                "url": "https://github.com/reactphp/event-loop.git",
                "reference": "1e7460b76378a20297fc72344d75a7c2abf9101a"
            },
            "dist": {
                "type": "zip",
                "url": "https://api.github.com/repos/reactphp/event-loop/zipball/1e7460b76378a20297fc72344d75a7c2abf9101a",
                "reference": "1e7460b76378a20297fc72344d75a7c2abf9101a",
                "shasum": "",
                "mirrors": [
                    {
                        "url": "https://mirrors.aliyun.com/composer/dists/%package%/%reference%.%type%",
                        "preferred": true
                    }
                ]
            },
            "require": {
                "php": ">=5.3.0"
            },
            "require-dev": {
                "phpunit/phpunit": "^9.6 || ^5.7 || ^4.8.36"
            },
            "suggest": {
                "ext-pcntl": "For signal handling support when using the StreamSelectLoop"
            },
            "default-branch": true,
            "type": "library",
            "autoload": {
                "psr-4": {
                    "React\\EventLoop\\": "src/"
                }
            },
            "notification-url": "https://packagist.org/downloads/",
            "license": [
                "MIT"
            ],
            "authors": [
                {
                    "name": "Christian Lück",
                    "email": "christian@clue.engineering",
                    "homepage": "https://clue.engineering/"
                },
                {
                    "name": "Cees-Jan Kiewiet",
                    "email": "reactphp@ceesjankiewiet.nl",
                    "homepage": "https://wyrihaximus.net/"
                },
                {
                    "name": "Jan Sorgalla",
                    "email": "jsorgalla@gmail.com",
                    "homepage": "https://sorgalla.com/"
                },
                {
                    "name": "Chris Boden",
                    "email": "cboden@gmail.com",
                    "homepage": "https://cboden.dev/"
                }
            ],
            "description": "ReactPHP's core reactor event loop that libraries can use for evented I/O.",
            "keywords": [
                "asynchronous",
                "event-loop"
            ],
            "support": {
                "issues": "https://github.com/reactphp/event-loop/issues",
                "source": "https://github.com/reactphp/event-loop/tree/1.x"
            },
            "funding": [
                {
                    "url": "https://opencollective.com/reactphp",
                    "type": "open_collective"
                }
            ],
            "time": "2023-05-05T09:29:44+00:00"
        },
        {
            "name": "react/http",
            "version": "1.x-dev",
            "source": {
                "type": "git",
                "url": "https://github.com/reactphp/http.git",
                "reference": "24dd698fbf75d08d4b6a9cba74f41a521c9cd637"
            },
            "dist": {
                "type": "zip",
                "url": "https://api.github.com/repos/reactphp/http/zipball/24dd698fbf75d08d4b6a9cba74f41a521c9cd637",
                "reference": "24dd698fbf75d08d4b6a9cba74f41a521c9cd637",
                "shasum": "",
                "mirrors": [
                    {
                        "url": "https://mirrors.aliyun.com/composer/dists/%package%/%reference%.%type%",
                        "preferred": true
                    }
                ]
            },
            "require": {
                "evenement/evenement": "^3.0 || ^2.0 || ^1.0",
                "fig/http-message-util": "^1.1",
                "php": ">=5.3.0",
                "psr/http-message": "^1.0",
                "react/event-loop": "^1.2",
                "react/promise": "^3 || ^2.3 || ^1.2.1",
                "react/socket": "^1.12",
                "react/stream": "^1.2",
                "ringcentral/psr7": "^1.2"
            },
            "require-dev": {
                "clue/http-proxy-react": "^1.8",
                "clue/reactphp-ssh-proxy": "^1.4",
                "clue/socks-react": "^1.4",
                "phpunit/phpunit": "^9.5 || ^5.7 || ^4.8.35",
                "react/async": "^4 || ^3 || ^2",
                "react/promise-stream": "^1.4",
                "react/promise-timer": "^1.9"
            },
            "default-branch": true,
            "type": "library",
            "autoload": {
                "psr-4": {
                    "React\\Http\\": "src/"
                }
            },
            "notification-url": "https://packagist.org/downloads/",
            "license": [
                "MIT"
            ],
            "authors": [
                {
                    "name": "Christian Lück",
                    "email": "christian@clue.engineering",
                    "homepage": "https://clue.engineering/"
                },
                {
                    "name": "Cees-Jan Kiewiet",
                    "email": "reactphp@ceesjankiewiet.nl",
                    "homepage": "https://wyrihaximus.net/"
                },
                {
                    "name": "Jan Sorgalla",
                    "email": "jsorgalla@gmail.com",
                    "homepage": "https://sorgalla.com/"
                },
                {
                    "name": "Chris Boden",
                    "email": "cboden@gmail.com",
                    "homepage": "https://cboden.dev/"
                }
            ],
            "description": "Event-driven, streaming HTTP client and server implementation for ReactPHP",
            "keywords": [
                "async",
                "client",
                "event-driven",
                "http",
                "http client",
                "http server",
                "https",
                "psr-7",
                "reactphp",
                "server",
                "streaming"
            ],
            "support": {
                "issues": "https://github.com/reactphp/http/issues",
                "source": "https://github.com/reactphp/http/tree/1.x"
            },
            "funding": [
                {
                    "url": "https://opencollective.com/reactphp",
                    "type": "open_collective"
                }
            ],
            "time": "2023-07-07T12:02:12+00:00"
        },
        {
            "name": "react/promise",
            "version": "3.x-dev",
            "source": {
                "type": "git",
                "url": "https://github.com/reactphp/promise.git",
                "reference": "c86753c76fd3be465d93b308f18d189f01a22be4"
            },
            "dist": {
                "type": "zip",
                "url": "https://api.github.com/repos/reactphp/promise/zipball/c86753c76fd3be465d93b308f18d189f01a22be4",
                "reference": "c86753c76fd3be465d93b308f18d189f01a22be4",
                "shasum": "",
                "mirrors": [
                    {
                        "url": "https://mirrors.aliyun.com/composer/dists/%package%/%reference%.%type%",
                        "preferred": true
                    }
                ]
            },
            "require": {
                "php": ">=7.1.0"
            },
            "require-dev": {
                "phpstan/phpstan": "1.10.20 || 1.4.10",
                "phpunit/phpunit": "^9.5 || ^7.5"
            },
            "default-branch": true,
            "type": "library",
            "autoload": {
                "files": [
                    "src/functions_include.php"
                ],
                "psr-4": {
                    "React\\Promise\\": "src/"
                }
            },
            "notification-url": "https://packagist.org/downloads/",
            "license": [
                "MIT"
            ],
            "authors": [
                {
                    "name": "Jan Sorgalla",
                    "email": "jsorgalla@gmail.com",
                    "homepage": "https://sorgalla.com/"
                },
                {
                    "name": "Christian Lück",
                    "email": "christian@clue.engineering",
                    "homepage": "https://clue.engineering/"
                },
                {
                    "name": "Cees-Jan Kiewiet",
                    "email": "reactphp@ceesjankiewiet.nl",
                    "homepage": "https://wyrihaximus.net/"
                },
                {
                    "name": "Chris Boden",
                    "email": "cboden@gmail.com",
                    "homepage": "https://cboden.dev/"
                }
            ],
            "description": "A lightweight implementation of CommonJS Promises/A for PHP",
            "keywords": [
                "promise",
                "promises"
            ],
            "support": {
                "issues": "https://github.com/reactphp/promise/issues",
                "source": "https://github.com/reactphp/promise/tree/v3.0.0"
            },
            "funding": [
                {
                    "url": "https://opencollective.com/reactphp",
                    "type": "open_collective"
                }
            ],
            "time": "2023-07-11T16:12:49+00:00"
        },
        {
            "name": "react/promise-stream",
            "version": "1.x-dev",
            "source": {
                "type": "git",
                "url": "https://github.com/reactphp/promise-stream.git",
                "reference": "87d1399a33926fd5ba28a7647346b71482787502"
            },
            "dist": {
                "type": "zip",
                "url": "https://api.github.com/repos/reactphp/promise-stream/zipball/87d1399a33926fd5ba28a7647346b71482787502",
                "reference": "87d1399a33926fd5ba28a7647346b71482787502",
                "shasum": "",
                "mirrors": [
                    {
                        "url": "https://mirrors.aliyun.com/composer/dists/%package%/%reference%.%type%",
                        "preferred": true
                    }
                ]
            },
            "require": {
                "php": ">=5.3",
                "react/promise": "^3 || ^2.1 || ^1.2",
                "react/stream": "^1.0 || ^0.7 || ^0.6 || ^0.5 || ^0.4.6"
            },
            "require-dev": {
                "phpunit/phpunit": "^9.5 || ^5.7 || ^4.8.35"
            },
            "default-branch": true,
            "type": "library",
            "autoload": {
                "files": [
                    "src/functions_include.php"
                ],
                "psr-4": {
                    "React\\Promise\\Stream\\": "src/"
                }
            },
            "notification-url": "https://packagist.org/downloads/",
            "license": [
                "MIT"
            ],
            "authors": [
                {
                    "name": "Christian Lück",
                    "email": "christian@clue.engineering",
                    "homepage": "https://clue.engineering/"
                },
                {
                    "name": "Cees-Jan Kiewiet",
                    "email": "reactphp@ceesjankiewiet.nl",
                    "homepage": "https://wyrihaximus.net/"
                },
                {
                    "name": "Jan Sorgalla",
                    "email": "jsorgalla@gmail.com",
                    "homepage": "https://sorgalla.com/"
                },
                {
                    "name": "Chris Boden",
                    "email": "cboden@gmail.com",
                    "homepage": "https://cboden.dev/"
                }
            ],
            "description": "The missing link between Promise-land and Stream-land for ReactPHP",
            "homepage": "https://github.com/reactphp/promise-stream",
            "keywords": [
                "Buffer",
                "async",
                "promise",
                "reactphp",
                "stream",
                "unwrap"
            ],
            "support": {
                "issues": "https://github.com/reactphp/promise-stream/issues",
                "source": "https://github.com/reactphp/promise-stream/tree/v1.6.0"
            },
            "funding": [
                {
                    "url": "https://opencollective.com/reactphp",
                    "type": "open_collective"
                }
            ],
            "time": "2023-07-07T10:11:54+00:00"
        },
        {
            "name": "react/promise-timer",
            "version": "1.x-dev",
            "source": {
                "type": "git",
                "url": "https://github.com/reactphp/promise-timer.git",
                "reference": "a406555da4417fd4103546eaaa1fd17b014c5369"
            },
            "dist": {
                "type": "zip",
                "url": "https://api.github.com/repos/reactphp/promise-timer/zipball/a406555da4417fd4103546eaaa1fd17b014c5369",
                "reference": "a406555da4417fd4103546eaaa1fd17b014c5369",
                "shasum": "",
                "mirrors": [
                    {
                        "url": "https://mirrors.aliyun.com/composer/dists/%package%/%reference%.%type%",
                        "preferred": true
                    }
                ]
            },
            "require": {
                "php": ">=5.3",
                "react/event-loop": "^1.2",
                "react/promise": "^3.0 || ^2.7.0 || ^1.2.1"
            },
            "require-dev": {
                "phpunit/phpunit": "^9.5 || ^5.7 || ^4.8.35"
            },
            "default-branch": true,
            "type": "library",
            "autoload": {
                "files": [
                    "src/functions_include.php"
                ],
                "psr-4": {
                    "React\\Promise\\Timer\\": "src/"
                }
            },
            "notification-url": "https://packagist.org/downloads/",
            "license": [
                "MIT"
            ],
            "authors": [
                {
                    "name": "Christian Lück",
                    "email": "christian@clue.engineering",
                    "homepage": "https://clue.engineering/"
                },
                {
                    "name": "Cees-Jan Kiewiet",
                    "email": "reactphp@ceesjankiewiet.nl",
                    "homepage": "https://wyrihaximus.net/"
                },
                {
                    "name": "Jan Sorgalla",
                    "email": "jsorgalla@gmail.com",
                    "homepage": "https://sorgalla.com/"
                },
                {
                    "name": "Chris Boden",
                    "email": "cboden@gmail.com",
                    "homepage": "https://cboden.dev/"
                }
            ],
            "description": "A trivial implementation of timeouts for Promises, built on top of ReactPHP.",
            "homepage": "https://github.com/reactphp/promise-timer",
            "keywords": [
                "async",
                "event-loop",
                "promise",
                "reactphp",
                "timeout",
                "timer"
            ],
            "support": {
                "issues": "https://github.com/reactphp/promise-timer/issues",
                "source": "https://github.com/reactphp/promise-timer/tree/1.x"
            },
            "funding": [
                {
                    "url": "https://opencollective.com/reactphp",
                    "type": "open_collective"
                }
            ],
            "time": "2023-07-07T12:01:01+00:00"
        },
        {
            "name": "react/react",
            "version": "1.x-dev",
            "source": {
                "type": "git",
                "url": "https://github.com/reactphp/reactphp.git",
                "reference": "726e5de40567c9effaa8e5665b1a2621af8d7ee9"
            },
            "dist": {
                "type": "zip",
                "url": "https://api.github.com/repos/reactphp/reactphp/zipball/726e5de40567c9effaa8e5665b1a2621af8d7ee9",
                "reference": "726e5de40567c9effaa8e5665b1a2621af8d7ee9",
                "shasum": "",
                "mirrors": [
                    {
                        "url": "https://mirrors.aliyun.com/composer/dists/%package%/%reference%.%type%",
                        "preferred": true
                    }
                ]
            },
            "require": {
                "php": ">=5.3.8",
                "react/async": "^4 || ^3 || ^2",
                "react/cache": "^1.1",
                "react/dns": "^1.11",
                "react/event-loop": "^1.4",
                "react/http": "^1.8",
                "react/promise": "^3 || ^2.10 || ^1.2",
                "react/promise-stream": "^1.6",
                "react/promise-timer": "^1.9",
                "react/socket": "^1.13",
                "react/stream": "^1.3"
            },
            "require-dev": {
                "clue/stream-filter": "^1.3",
                "phpunit/phpunit": "^9.6 || ^7.5 || ^5.7 || ^4.8.36",
                "react/async": "^4.2@dev || ^3.2@dev || ^4 || ^3 || ^2",
                "react/dns": "^1.12@dev",
                "react/http": "^1.10@dev",
                "react/promise": "^3@dev || ^2.10 || ^1.2",
                "react/promise-stream": "^1.7@dev",
                "react/promise-timer": "^1.10@dev",
                "react/socket": "^1.14@dev"
            },
            "default-branch": true,
            "type": "library",
            "notification-url": "https://packagist.org/downloads/",
            "license": [
                "MIT"
            ],
            "description": "ReactPHP: Event-driven, non-blocking I/O with PHP.",
            "homepage": "https://reactphp.org/",
            "keywords": [
                "asynchronous",
                "reactor",
                "reactphp"
            ],
            "support": {
                "chat": "https://gitter.im/reactphp/reactphp",
                "issues": "https://github.com/reactphp/reactphp/issues",
                "source": "https://github.com/reactphp/reactphp/tree/v1.4.0"
            },
            "funding": [
                {
                    "url": "https://opencollective.com/reactphp",
                    "type": "open_collective"
                }
            ],
            "time": "2023-07-11T16:08:54+00:00"
        },
        {
            "name": "react/socket",
            "version": "1.x-dev",
            "source": {
                "type": "git",
                "url": "https://github.com/reactphp/socket.git",
                "reference": "9f5ac5f2502edf9966010cd2efc4876875b833e1"
            },
            "dist": {
                "type": "zip",
                "url": "https://api.github.com/repos/reactphp/socket/zipball/9f5ac5f2502edf9966010cd2efc4876875b833e1",
                "reference": "9f5ac5f2502edf9966010cd2efc4876875b833e1",
                "shasum": "",
                "mirrors": [
                    {
                        "url": "https://mirrors.aliyun.com/composer/dists/%package%/%reference%.%type%",
                        "preferred": true
                    }
                ]
            },
            "require": {
                "evenement/evenement": "^3.0 || ^2.0 || ^1.0",
                "php": ">=5.3.0",
                "react/dns": "^1.11",
                "react/event-loop": "^1.2",
                "react/promise": "^3 || ^2.6 || ^1.2.1",
                "react/stream": "^1.2"
            },
            "require-dev": {
                "phpunit/phpunit": "^9.5 || ^5.7 || ^4.8.35",
                "react/async": "^4 || ^3 || ^2",
                "react/promise-stream": "^1.4",
                "react/promise-timer": "^1.9"
            },
            "default-branch": true,
            "type": "library",
            "autoload": {
                "psr-4": {
                    "React\\Socket\\": "src"
                }
            },
            "notification-url": "https://packagist.org/downloads/",
            "license": [
                "MIT"
            ],
            "authors": [
                {
                    "name": "Christian Lück",
                    "email": "christian@clue.engineering",
                    "homepage": "https://clue.engineering/"
                },
                {
                    "name": "Cees-Jan Kiewiet",
                    "email": "reactphp@ceesjankiewiet.nl",
                    "homepage": "https://wyrihaximus.net/"
                },
                {
                    "name": "Jan Sorgalla",
                    "email": "jsorgalla@gmail.com",
                    "homepage": "https://sorgalla.com/"
                },
                {
                    "name": "Chris Boden",
                    "email": "cboden@gmail.com",
                    "homepage": "https://cboden.dev/"
                }
            ],
            "description": "Async, streaming plaintext TCP/IP and secure TLS socket server and client connections for ReactPHP",
            "keywords": [
                "Connection",
                "Socket",
                "async",
                "reactphp",
                "stream"
            ],
            "support": {
                "issues": "https://github.com/reactphp/socket/issues",
                "source": "https://github.com/reactphp/socket/tree/1.x"
            },
            "funding": [
                {
                    "url": "https://opencollective.com/reactphp",
                    "type": "open_collective"
                }
            ],
            "time": "2023-07-07T12:01:25+00:00"
        },
        {
            "name": "react/stream",
            "version": "1.x-dev",
            "source": {
                "type": "git",
                "url": "https://github.com/reactphp/stream.git",
                "reference": "6fbc9672905c7d5a885f2da2fc696f65840f4a66"
            },
            "dist": {
                "type": "zip",
                "url": "https://api.github.com/repos/reactphp/stream/zipball/6fbc9672905c7d5a885f2da2fc696f65840f4a66",
                "reference": "6fbc9672905c7d5a885f2da2fc696f65840f4a66",
                "shasum": "",
                "mirrors": [
                    {
                        "url": "https://mirrors.aliyun.com/composer/dists/%package%/%reference%.%type%",
                        "preferred": true
                    }
                ]
            },
            "require": {
                "evenement/evenement": "^3.0 || ^2.0 || ^1.0",
                "php": ">=5.3.8",
                "react/event-loop": "^1.2"
            },
            "require-dev": {
                "clue/stream-filter": "~1.2",
                "phpunit/phpunit": "^9.5 || ^5.7 || ^4.8.35"
            },
            "default-branch": true,
            "type": "library",
            "autoload": {
                "psr-4": {
                    "React\\Stream\\": "src/"
                }
            },
            "notification-url": "https://packagist.org/downloads/",
            "license": [
                "MIT"
            ],
            "authors": [
                {
                    "name": "Christian Lück",
                    "email": "christian@clue.engineering",
                    "homepage": "https://clue.engineering/"
                },
                {
                    "name": "Cees-Jan Kiewiet",
                    "email": "reactphp@ceesjankiewiet.nl",
                    "homepage": "https://wyrihaximus.net/"
                },
                {
                    "name": "Jan Sorgalla",
                    "email": "jsorgalla@gmail.com",
                    "homepage": "https://sorgalla.com/"
                },
                {
                    "name": "Chris Boden",
                    "email": "cboden@gmail.com",
                    "homepage": "https://cboden.dev/"
                }
            ],
            "description": "Event-driven readable and writable streams for non-blocking I/O in ReactPHP",
            "keywords": [
                "event-driven",
                "io",
                "non-blocking",
                "pipe",
                "reactphp",
                "readable",
                "stream",
                "writable"
            ],
            "support": {
                "issues": "https://github.com/reactphp/stream/issues",
                "source": "https://github.com/reactphp/stream/tree/v1.3.0"
            },
            "funding": [
                {
                    "url": "https://opencollective.com/reactphp",
                    "type": "open_collective"
                }
            ],
            "time": "2023-06-16T10:52:11+00:00"
        },
        {
            "name": "ringcentral/psr7",
            "version": "1.3.0",
            "source": {
                "type": "git",
                "url": "https://github.com/ringcentral/psr7.git",
                "reference": "360faaec4b563958b673fb52bbe94e37f14bc686"
            },
            "dist": {
                "type": "zip",
                "url": "https://api.github.com/repos/ringcentral/psr7/zipball/360faaec4b563958b673fb52bbe94e37f14bc686",
                "reference": "360faaec4b563958b673fb52bbe94e37f14bc686",
                "shasum": "",
                "mirrors": [
                    {
                        "url": "https://mirrors.aliyun.com/composer/dists/%package%/%reference%.%type%",
                        "preferred": true
                    }
                ]
            },
            "require": {
                "php": ">=5.3",
                "psr/http-message": "~1.0"
            },
            "provide": {
                "psr/http-message-implementation": "1.0"
            },
            "require-dev": {
                "phpunit/phpunit": "~4.0"
            },
            "type": "library",
            "extra": {
                "branch-alias": {
                    "dev-master": "1.0-dev"
                }
            },
            "autoload": {
                "files": [
                    "src/functions_include.php"
                ],
                "psr-4": {
                    "RingCentral\\Psr7\\": "src/"
                }
            },
            "notification-url": "https://packagist.org/downloads/",
            "license": [
                "MIT"
            ],
            "authors": [
                {
                    "name": "Michael Dowling",
                    "email": "mtdowling@gmail.com",
                    "homepage": "https://github.com/mtdowling"
                }
            ],
            "description": "PSR-7 message implementation",
            "keywords": [
                "http",
                "message",
                "stream",
                "uri"
            ],
            "support": {
                "source": "https://github.com/ringcentral/psr7/tree/master"
            },
            "time": "2018-05-29T20:21:04+00:00"
        }
    ],
    "packages-dev": [],
    "aliases": [],
    "minimum-stability": "dev",
    "stability-flags": {
        "react/react": 20
    },
    "prefer-stable": false,
    "prefer-lowest": false,
    "platform": [],
    "platform-dev": [],
    "plugin-api-version": "2.3.0"
}
